{
  "object": {
    "pins": [
      {
        "package": "swift-ast",
        "repositoryURL": "https://github.com/yanagiba/swift-ast",
        "state": {
          "branch": null,
          "revision": "c70bffd56c2957d9ce259364dfb58a5d06f40002",
          "version": "0.3.5"
        }
      }
    ]
  },
  "version": 1
}
