{
  "object": {
    "pins": [
      {
        "package": "swift-ast",
        "repositoryURL": "https://github.com/yanagiba/swift-ast",
        "state": {
          "branch": null,
          "revision": "283e39365d1db629b932ca314afe19852318e636",
          "version": null
        }
      }
    ]
  },
  "version": 1
}
