{
  "object": {
    "pins": [
      {
        "package": "bocho",
        "repositoryURL": "https://github.com/yanagiba/bocho",
        "state": {
          "branch": null,
          "revision": "411fb57fe99824ebe8f107c69cf61fc8bc68853d",
          "version": "0.1.1"
        }
      },
      {
        "package": "swift-ast",
        "repositoryURL": "https://github.com/yanagiba/swift-ast",
        "state": {
          "branch": null,
          "revision": "0545612f1224b4f2fa6df74a3bdb1864663f7ea7",
          "version": null
        }
      }
    ]
  },
  "version": 1
}
